<Solution>
  <Project Path="BookingService.Tests/BookingService.Tests.csproj" Id="4b39141b-eb5e-4c81-82e2-81330aa6081e" />
  <Project Path="EventService.Tests/EventService.Tests.csproj" Id="46a3ec4c-4ac2-465f-a2d1-a392b46aec50" />
  <Project Path="EventTicketBookingService/EventTicketBookingService.csproj" />
</Solution>
